// !$*UTF8*$!
{
	archiveVersion = 1;
	classes = {
	};
	objectVersion = 56;
	objects = {

/* Begin PBXBuildFile section */
		57994A842911BE19008D4267 /* AppDelegate.swift in Sources */ = {isa = PBXBuildFile; fileRef = 57994A832911BE19008D4267 /* AppDelegate.swift */; };
		57994A862911BE19008D4267 /* SceneDelegate.swift in Sources */ = {isa = PBXBuildFile; fileRef = 57994A852911BE19008D4267 /* SceneDelegate.swift */; };
		57994A882911BE19008D4267 /* LoginViewController.swift in Sources */ = {isa = PBXBuildFile; fileRef = 57994A872911BE19008D4267 /* LoginViewController.swift */; };
		57994A8B2911BE19008D4267 /* Main.storyboard in Resources */ = {isa = PBXBuildFile; fileRef = 57994A892911BE19008D4267 /* Main.storyboard */; };
		57994A8D2911BE1B008D4267 /* Assets.xcassets in Resources */ = {isa = PBXBuildFile; fileRef = 57994A8C2911BE1B008D4267 /* Assets.xcassets */; };
		57994A902911BE1B008D4267 /* LaunchScreen.storyboard in Resources */ = {isa = PBXBuildFile; fileRef = 57994A8E2911BE1B008D4267 /* LaunchScreen.storyboard */; };
		57994A9A2911C0D8008D4267 /* Colors.xcassets in Resources */ = {isa = PBXBuildFile; fileRef = 57994A992911C0D8008D4267 /* Colors.xcassets */; };
		579F24A22911F46F00678837 /* ViewController + extension.swift in Sources */ = {isa = PBXBuildFile; fileRef = 579F24A12911F46F00678837 /* ViewController + extension.swift */; };
/* End PBXBuildFile section */

/* Begin PBXFileReference section */
		57994A802911BE19008D4267 /* VK.app */ = {isa = PBXFileReference; explicitFileType = wrapper.application; includeInIndex = 0; path = VK.app; sourceTree = BUILT_PRODUCTS_DIR; };
		57994A832911BE19008D4267 /* AppDelegate.swift */ = {isa = PBXFileReference; lastKnownFileType = sourcecode.swift; path = AppDelegate.swift; sourceTree = "<group>"; };
		57994A852911BE19008D4267 /* SceneDelegate.swift */ = {isa = PBXFileReference; lastKnownFileType = sourcecode.swift; path = SceneDelegate.swift; sourceTree = "<group>"; };
		57994A872911BE19008D4267 /* LoginViewController.swift */ = {isa = PBXFileReference; lastKnownFileType = sourcecode.swift; path = LoginViewController.swift; sourceTree = "<group>"; };
		57994A8A2911BE19008D4267 /* Base */ = {isa = PBXFileReference; lastKnownFileType = file.storyboard; name = Base; path = Base.lproj/Main.storyboard; sourceTree = "<group>"; };
		57994A8C2911BE1B008D4267 /* Assets.xcassets */ = {isa = PBXFileReference; lastKnownFileType = folder.assetcatalog; path = Assets.xcassets; sourceTree = "<group>"; };
		57994A8F2911BE1B008D4267 /* Base */ = {isa = PBXFileReference; lastKnownFileType = file.storyboard; name = Base; path = Base.lproj/LaunchScreen.storyboard; sourceTree = "<group>"; };
		57994A912911BE1B008D4267 /* Info.plist */ = {isa = PBXFileReference; lastKnownFileType = text.plist.xml; path = Info.plist; sourceTree = "<group>"; };
		57994A992911C0D8008D4267 /* Colors.xcassets */ = {isa = PBXFileReference; lastKnownFileType = folder.assetcatalog; path = Colors.xcassets; sourceTree = "<group>"; };
		579F24A12911F46F00678837 /* ViewController + extension.swift */ = {isa = PBXFileReference; lastKnownFileType = sourcecode.swift; path = "ViewController + extension.swift"; sourceTree = "<group>"; };
/* End PBXFileReference section */

/* Begin PBXFrameworksBuildPhase section */
		57994A7D2911BE19008D4267 /* Frameworks */ = {
			isa = PBXFrameworksBuildPhase;
			buildActionMask = 2147483647;
			files = (
			);
			runOnlyForDeploymentPostprocessing = 0;
		};
/* End PBXFrameworksBuildPhase section */

/* Begin PBXGroup section */
		57994A772911BE19008D4267 = {
			isa = PBXGroup;
			children = (
				57994A822911BE19008D4267 /* VK */,
				57994A812911BE19008D4267 /* Products */,
			);
			sourceTree = "<group>";
		};
		57994A812911BE19008D4267 /* Products */ = {
			isa = PBXGroup;
			children = (
				57994A802911BE19008D4267 /* VK.app */,
			);
			name = Products;
			sourceTree = "<group>";
		};
		57994A822911BE19008D4267 /* VK */ = {
			isa = PBXGroup;
			children = (
				579F24A32911F9FC00678837 /* Extensions */,
				579F24A52911FA5C00678837 /* Application */,
				579F24A42911FA1E00678837 /* Presentation */,
			);
			path = VK;
			sourceTree = "<group>";
		};
		579F24A32911F9FC00678837 /* Extensions */ = {
			isa = PBXGroup;
			children = (
				579F24A12911F46F00678837 /* ViewController + extension.swift */,
			);
			path = Extensions;
			sourceTree = "<group>";
		};
		579F24A42911FA1E00678837 /* Presentation */ = {
			isa = PBXGroup;
			children = (
				579F24A62911FAB800678837 /* Authentication */,
			);
			path = Presentation;
			sourceTree = "<group>";
		};
		579F24A52911FA5C00678837 /* Application */ = {
			isa = PBXGroup;
			children = (
				57994A832911BE19008D4267 /* AppDelegate.swift */,
				57994A852911BE19008D4267 /* SceneDelegate.swift */,
				57994A992911C0D8008D4267 /* Colors.xcassets */,
				57994A892911BE19008D4267 /* Main.storyboard */,
				57994A8C2911BE1B008D4267 /* Assets.xcassets */,
				57994A8E2911BE1B008D4267 /* LaunchScreen.storyboard */,
				57994A912911BE1B008D4267 /* Info.plist */,
			);
			path = Application;
			sourceTree = "<group>";
		};
		579F24A62911FAB800678837 /* Authentication */ = {
			isa = PBXGroup;
			children = (
				57994A872911BE19008D4267 /* LoginViewController.swift */,
			);
			path = Authentication;
			sourceTree = "<group>";
		};
/* End PBXGroup section */

/* Begin PBXNativeTarget section */
		57994A7F2911BE19008D4267 /* VK */ = {
			isa = PBXNativeTarget;
			buildConfigurationList = 57994A942911BE1B008D4267 /* Build configuration list for PBXNativeTarget "VK" */;
			buildPhases = (
				57994A7C2911BE19008D4267 /* Sources */,
				57994A7D2911BE19008D4267 /* Frameworks */,
				57994A7E2911BE19008D4267 /* Resources */,
				57994A982911BECD008D4267 /* Run SwitfFormat */,
				57994A972911BEA1008D4267 /* Run Swiftlint */,
			);
			buildRules = (
			);
			dependencies = (
			);
			name = VK;
			productName = VK;
			productReference = 57994A802911BE19008D4267 /* VK.app */;
			productType = "com.apple.product-type.application";
		};
/* End PBXNativeTarget section */

/* Begin PBXProject section */
		57994A782911BE19008D4267 /* Project object */ = {
			isa = PBXProject;
			attributes = {
				BuildIndependentTargetsInParallel = 1;
				LastSwiftUpdateCheck = 1400;
				LastUpgradeCheck = 1400;
				TargetAttributes = {
					57994A7F2911BE19008D4267 = {
						CreatedOnToolsVersion = 14.0.1;
					};
				};
			};
			buildConfigurationList = 57994A7B2911BE19008D4267 /* Build configuration list for PBXProject "VK" */;
			compatibilityVersion = "Xcode 14.0";
			developmentRegion = en;
			hasScannedForEncodings = 0;
			knownRegions = (
				en,
				Base,
			);
			mainGroup = 57994A772911BE19008D4267;
			productRefGroup = 57994A812911BE19008D4267 /* Products */;
			projectDirPath = "";
			projectRoot = "";
			targets = (
				57994A7F2911BE19008D4267 /* VK */,
			);
		};
/* End PBXProject section */

/* Begin PBXResourcesBuildPhase section */
		57994A7E2911BE19008D4267 /* Resources */ = {
			isa = PBXResourcesBuildPhase;
			buildActionMask = 2147483647;
			files = (
				57994A902911BE1B008D4267 /* LaunchScreen.storyboard in Resources */,
				57994A9A2911C0D8008D4267 /* Colors.xcassets in Resources */,
				57994A8D2911BE1B008D4267 /* Assets.xcassets in Resources */,
				57994A8B2911BE19008D4267 /* Main.storyboard in Resources */,
			);
			runOnlyForDeploymentPostprocessing = 0;
		};
/* End PBXResourcesBuildPhase section */

/* Begin PBXShellScriptBuildPhase section */
		57994A972911BEA1008D4267 /* Run Swiftlint */ = {
			isa = PBXShellScriptBuildPhase;
			alwaysOutOfDate = 1;
			buildActionMask = 2147483647;
			files = (
			);
			inputFileListPaths = (
			);
			inputPaths = (
			);
			name = "Run Swiftlint";
			outputFileListPaths = (
			);
			outputPaths = (
			);
			runOnlyForDeploymentPostprocessing = 0;
			shellPath = /bin/sh;
			shellScript = "if which swiftlint > /dev/null; then\n  swiftlint\nelse\n  echo \"warning: SwiftLint not installed, download from https://github.com/realm/SwiftLint\"\n  exit 1\nfi\n\n";
		};
		57994A982911BECD008D4267 /* Run SwitfFormat */ = {
			isa = PBXShellScriptBuildPhase;
			alwaysOutOfDate = 1;
			buildActionMask = 2147483647;
			files = (
			);
			inputFileListPaths = (
			);
			inputPaths = (
			);
			name = "Run SwitfFormat";
			outputFileListPaths = (
			);
			outputPaths = (
			);
			runOnlyForDeploymentPostprocessing = 0;
			shellPath = /bin/sh;
			shellScript = "export PATH=\"$PATH:~/.mint/bin\"\nswiftformat .\n";
		};
/* End PBXShellScriptBuildPhase section */

/* Begin PBXSourcesBuildPhase section */
		57994A7C2911BE19008D4267 /* Sources */ = {
			isa = PBXSourcesBuildPhase;
			buildActionMask = 2147483647;
			files = (
				579F24A22911F46F00678837 /* ViewController + extension.swift in Sources */,
				57994A882911BE19008D4267 /* LoginViewController.swift in Sources */,
				57994A842911BE19008D4267 /* AppDelegate.swift in Sources */,
				57994A862911BE19008D4267 /* SceneDelegate.swift in Sources */,
			);
			runOnlyForDeploymentPostprocessing = 0;
		};
/* End PBXSourcesBuildPhase section */

/* Begin PBXVariantGroup section */
		57994A892911BE19008D4267 /* Main.storyboard */ = {
			isa = PBXVariantGroup;
			children = (
				57994A8A2911BE19008D4267 /* Base */,
			);
			name = Main.storyboard;
			sourceTree = "<group>";
		};
		57994A8E2911BE1B008D4267 /* LaunchScreen.storyboard */ = {
			isa = PBXVariantGroup;
			children = (
				57994A8F2911BE1B008D4267 /* Base */,
			);
			name = LaunchScreen.storyboard;
			sourceTree = "<group>";
		};
/* End PBXVariantGroup section */

/* Begin XCBuildConfiguration section */
		57994A922911BE1B008D4267 /* Debug */ = {
			isa = XCBuildConfiguration;
			buildSettings = {
				ALWAYS_SEARCH_USER_PATHS = NO;
				CLANG_ANALYZER_NONNULL = YES;
				CLANG_ANALYZER_NUMBER_OBJECT_CONVERSION = YES_AGGRESSIVE;
				CLANG_CXX_LANGUAGE_STANDARD = "gnu++20";
				CLANG_ENABLE_MODULES = YES;
				CLANG_ENABLE_OBJC_ARC = YES;
				CLANG_ENABLE_OBJC_WEAK = YES;
				CLANG_WARN_BLOCK_CAPTURE_AUTORELEASING = YES;
				CLANG_WARN_BOOL_CONVERSION = YES;
				CLANG_WARN_COMMA = YES;
				CLANG_WARN_CONSTANT_CONVERSION = YES;
				CLANG_WARN_DEPRECATED_OBJC_IMPLEMENTATIONS = YES;
				CLANG_WARN_DIRECT_OBJC_ISA_USAGE = YES_ERROR;
				CLANG_WARN_DOCUMENTATION_COMMENTS = YES;
				CLANG_WARN_EMPTY_BODY = YES;
				CLANG_WARN_ENUM_CONVERSION = YES;
				CLANG_WARN_INFINITE_RECURSION = YES;
				CLANG_WARN_INT_CONVERSION = YES;
				CLANG_WARN_NON_LITERAL_NULL_CONVERSION = YES;
				CLANG_WARN_OBJC_IMPLICIT_RETAIN_SELF = YES;
				CLANG_WARN_OBJC_LITERAL_CONVERSION = YES;
				CLANG_WARN_OBJC_ROOT_CLASS = YES_ERROR;
				CLANG_WARN_QUOTED_INCLUDE_IN_FRAMEWORK_HEADER = YES;
				CLANG_WARN_RANGE_LOOP_ANALYSIS = YES;
				CLANG_WARN_STRICT_PROTOTYPES = YES;
				CLANG_WARN_SUSPICIOUS_MOVE = YES;
				CLANG_WARN_UNGUARDED_AVAILABILITY = YES_AGGRESSIVE;
				CLANG_WARN_UNREACHABLE_CODE = YES;
				CLANG_WARN__DUPLICATE_METHOD_MATCH = YES;
				COPY_PHASE_STRIP = NO;
				DEBUG_INFORMATION_FORMAT = dwarf;
				ENABLE_STRICT_OBJC_MSGSEND = YES;
				ENABLE_TESTABILITY = YES;
				GCC_C_LANGUAGE_STANDARD = gnu11;
				GCC_DYNAMIC_NO_PIC = NO;
				GCC_NO_COMMON_BLOCKS = YES;
				GCC_OPTIMIZATION_LEVEL = 0;
				GCC_PREPROCESSOR_DEFINITIONS = (
					"DEBUG=1",
					"$(inherited)",
				);
				GCC_WARN_64_TO_32_BIT_CONVERSION = YES;
				GCC_WARN_ABOUT_RETURN_TYPE = YES_ERROR;
				GCC_WARN_UNDECLARED_SELECTOR = YES;
				GCC_WARN_UNINITIALIZED_AUTOS = YES_AGGRESSIVE;
				GCC_WARN_UNUSED_FUNCTION = YES;
				GCC_WARN_UNUSED_VARIABLE = YES;
				IPHONEOS_DEPLOYMENT_TARGET = 16.0;
				MTL_ENABLE_DEBUG_INFO = INCLUDE_SOURCE;
				MTL_FAST_MATH = YES;
				ONLY_ACTIVE_ARCH = YES;
				SDKROOT = iphoneos;
				SWIFT_ACTIVE_COMPILATION_CONDITIONS = DEBUG;
				SWIFT_OPTIMIZATION_LEVEL = "-Onone";
			};
			name = Debug;
		};
		57994A932911BE1B008D4267 /* Release */ = {
			isa = XCBuildConfiguration;
			buildSettings = {
				ALWAYS_SEARCH_USER_PATHS = NO;
				CLANG_ANALYZER_NONNULL = YES;
				CLANG_ANALYZER_NUMBER_OBJECT_CONVERSION = YES_AGGRESSIVE;
				CLANG_CXX_LANGUAGE_STANDARD = "gnu++20";
				CLANG_ENABLE_MODULES = YES;
				CLANG_ENABLE_OBJC_ARC = YES;
				CLANG_ENABLE_OBJC_WEAK = YES;
				CLANG_WARN_BLOCK_CAPTURE_AUTORELEASING = YES;
				CLANG_WARN_BOOL_CONVERSION = YES;
				CLANG_WARN_COMMA = YES;
				CLANG_WARN_CONSTANT_CONVERSION = YES;
				CLANG_WARN_DEPRECATED_OBJC_IMPLEMENTATIONS = YES;
				CLANG_WARN_DIRECT_OBJC_ISA_USAGE = YES_ERROR;
				CLANG_WARN_DOCUMENTATION_COMMENTS = YES;
				CLANG_WARN_EMPTY_BODY = YES;
				CLANG_WARN_ENUM_CONVERSION = YES;
				CLANG_WARN_INFINITE_RECURSION = YES;
				CLANG_WARN_INT_CONVERSION = YES;
				CLANG_WARN_NON_LITERAL_NULL_CONVERSION = YES;
				CLANG_WARN_OBJC_IMPLICIT_RETAIN_SELF = YES;
				CLANG_WARN_OBJC_LITERAL_CONVERSION = YES;
				CLANG_WARN_OBJC_ROOT_CLASS = YES_ERROR;
				CLANG_WARN_QUOTED_INCLUDE_IN_FRAMEWORK_HEADER = YES;
				CLANG_WARN_RANGE_LOOP_ANALYSIS = YES;
				CLANG_WARN_STRICT_PROTOTYPES = YES;
				CLANG_WARN_SUSPICIOUS_MOVE = YES;
				CLANG_WARN_UNGUARDED_AVAILABILITY = YES_AGGRESSIVE;
				CLANG_WARN_UNREACHABLE_CODE = YES;
				CLANG_WARN__DUPLICATE_METHOD_MATCH = YES;
				COPY_PHASE_STRIP = NO;
				DEBUG_INFORMATION_FORMAT = "dwarf-with-dsym";
				ENABLE_NS_ASSERTIONS = NO;
				ENABLE_STRICT_OBJC_MSGSEND = YES;
				GCC_C_LANGUAGE_STANDARD = gnu11;
				GCC_NO_COMMON_BLOCKS = YES;
				GCC_WARN_64_TO_32_BIT_CONVERSION = YES;
				GCC_WARN_ABOUT_RETURN_TYPE = YES_ERROR;
				GCC_WARN_UNDECLARED_SELECTOR = YES;
				GCC_WARN_UNINITIALIZED_AUTOS = YES_AGGRESSIVE;
				GCC_WARN_UNUSED_FUNCTION = YES;
				GCC_WARN_UNUSED_VARIABLE = YES;
				IPHONEOS_DEPLOYMENT_TARGET = 16.0;
				MTL_ENABLE_DEBUG_INFO = NO;
				MTL_FAST_MATH = YES;
				SDKROOT = iphoneos;
				SWIFT_COMPILATION_MODE = wholemodule;
				SWIFT_OPTIMIZATION_LEVEL = "-O";
				VALIDATE_PRODUCT = YES;
			};
			name = Release;
		};
		57994A952911BE1B008D4267 /* Debug */ = {
			isa = XCBuildConfiguration;
			buildSettings = {
				ASSETCATALOG_COMPILER_APPICON_NAME = AppIcon;
				ASSETCATALOG_COMPILER_GLOBAL_ACCENT_COLOR_NAME = AccentColor;
				CODE_SIGN_STYLE = Automatic;
				CURRENT_PROJECT_VERSION = 1;
				DEVELOPMENT_TEAM = 8GW3WFYASG;
				GENERATE_INFOPLIST_FILE = YES;
				INFOPLIST_FILE = VK/Application/Info.plist;
				INFOPLIST_KEY_UIApplicationSupportsIndirectInputEvents = YES;
				INFOPLIST_KEY_UILaunchStoryboardName = LaunchScreen;
				INFOPLIST_KEY_UIMainStoryboardFile = Main;
				INFOPLIST_KEY_UISupportedInterfaceOrientations_iPad = "UIInterfaceOrientationPortrait UIInterfaceOrientationPortraitUpsideDown UIInterfaceOrientationLandscapeLeft UIInterfaceOrientationLandscapeRight";
				INFOPLIST_KEY_UISupportedInterfaceOrientations_iPhone = "UIInterfaceOrientationPortrait UIInterfaceOrientationLandscapeLeft UIInterfaceOrientationLandscapeRight";
				LD_RUNPATH_SEARCH_PATHS = (
					"$(inherited)",
					"@executable_path/Frameworks",
				);
				MARKETING_VERSION = 1.0;
				PRODUCT_BUNDLE_IDENTIFIER = AP.VK;
				PRODUCT_NAME = "$(TARGET_NAME)";
				SWIFT_EMIT_LOC_STRINGS = YES;
				SWIFT_VERSION = 5.0;
				TARGETED_DEVICE_FAMILY = "1,2";
			};
			name = Debug;
		};
		57994A962911BE1B008D4267 /* Release */ = {
			isa = XCBuildConfiguration;
			buildSettings = {
				ASSETCATALOG_COMPILER_APPICON_NAME = AppIcon;
				ASSETCATALOG_COMPILER_GLOBAL_ACCENT_COLOR_NAME = AccentColor;
				CODE_SIGN_STYLE = Automatic;
				CURRENT_PROJECT_VERSION = 1;
				DEVELOPMENT_TEAM = 8GW3WFYASG;
				GENERATE_INFOPLIST_FILE = YES;
				INFOPLIST_FILE = VK/Application/Info.plist;
				INFOPLIST_KEY_UIApplicationSupportsIndirectInputEvents = YES;
				INFOPLIST_KEY_UILaunchStoryboardName = LaunchScreen;
				INFOPLIST_KEY_UIMainStoryboardFile = Main;
				INFOPLIST_KEY_UISupportedInterfaceOrientations_iPad = "UIInterfaceOrientationPortrait UIInterfaceOrientationPortraitUpsideDown UIInterfaceOrientationLandscapeLeft UIInterfaceOrientationLandscapeRight";
				INFOPLIST_KEY_UISupportedInterfaceOrientations_iPhone = "UIInterfaceOrientationPortrait UIInterfaceOrientationLandscapeLeft UIInterfaceOrientationLandscapeRight";
				LD_RUNPATH_SEARCH_PATHS = (
					"$(inherited)",
					"@executable_path/Frameworks",
				);
				MARKETING_VERSION = 1.0;
				PRODUCT_BUNDLE_IDENTIFIER = AP.VK;
				PRODUCT_NAME = "$(TARGET_NAME)";
				SWIFT_EMIT_LOC_STRINGS = YES;
				SWIFT_VERSION = 5.0;
				TARGETED_DEVICE_FAMILY = "1,2";
			};
			name = Release;
		};
/* End XCBuildConfiguration section */

/* Begin XCConfigurationList section */
		57994A7B2911BE19008D4267 /* Build configuration list for PBXProject "VK" */ = {
			isa = XCConfigurationList;
			buildConfigurations = (
				57994A922911BE1B008D4267 /* Debug */,
				57994A932911BE1B008D4267 /* Release */,
			);
			defaultConfigurationIsVisible = 0;
			defaultConfigurationName = Release;
		};
		57994A942911BE1B008D4267 /* Build configuration list for PBXNativeTarget "VK" */ = {
			isa = XCConfigurationList;
			buildConfigurations = (
				57994A952911BE1B008D4267 /* Debug */,
				57994A962911BE1B008D4267 /* Release */,
			);
			defaultConfigurationIsVisible = 0;
			defaultConfigurationName = Release;
		};
/* End XCConfigurationList section */
	};
	rootObject = 57994A782911BE19008D4267 /* Project object */;
}
