// !$*UTF8*$!
{
	archiveVersion = 1;
	classes = {
	};
	objectVersion = 55;
	objects = {

/* Begin PBXBuildFile section */
		2A034EAD1D055FEFDB461ED6 /* Pods_VK.framework in Frameworks */ = {isa = PBXBuildFile; fileRef = CBA78E33889E5E212E255A4C /* Pods_VK.framework */; };
		571EB0CC291BFF6D00295BED /* Loading.swift in Sources */ = {isa = PBXBuildFile; fileRef = 571EB0CB291BFF6D00295BED /* Loading.swift */; };
		571EB0CE291C283E00295BED /* VKTabBarController.swift in Sources */ = {isa = PBXBuildFile; fileRef = 571EB0CD291C283E00295BED /* VKTabBarController.swift */; };
		571EB0D0291D941300295BED /* ProfileViewController.swift in Sources */ = {isa = PBXBuildFile; fileRef = 571EB0CF291D941300295BED /* ProfileViewController.swift */; };
		571EB0D2291DA82400295BED /* CustomNavigationController.swift in Sources */ = {isa = PBXBuildFile; fileRef = 571EB0D1291DA82400295BED /* CustomNavigationController.swift */; };
		571EB0D5291DA91500295BED /* CustomPushAnimator.swift in Sources */ = {isa = PBXBuildFile; fileRef = 571EB0D4291DA91500295BED /* CustomPushAnimator.swift */; };
		571EB0D7291DA97A00295BED /* CustomPopAnimator.swift in Sources */ = {isa = PBXBuildFile; fileRef = 571EB0D6291DA97A00295BED /* CustomPopAnimator.swift */; };
		571EB0D9291DC2E700295BED /* CustomInteractiveTransition.swift in Sources */ = {isa = PBXBuildFile; fileRef = 571EB0D8291DC2E700295BED /* CustomInteractiveTransition.swift */; };
		575171542930600000AD441B /* Photo.swift in Sources */ = {isa = PBXBuildFile; fileRef = 575171532930600000AD441B /* Photo.swift */; };
		57517156293066B100AD441B /* PhotoPath.swift in Sources */ = {isa = PBXBuildFile; fileRef = 57517155293066B100AD441B /* PhotoPath.swift */; };
		5751715C293070C600AD441B /* Group.swift in Sources */ = {isa = PBXBuildFile; fileRef = 5751715B293070C600AD441B /* Group.swift */; };
		5767EF3529180E53000CD65C /* FriendPhotosCollectionViewCell.swift in Sources */ = {isa = PBXBuildFile; fileRef = 5767EF3329180E53000CD65C /* FriendPhotosCollectionViewCell.swift */; };
		5767EF3629180E53000CD65C /* FriendPhotosCollectionViewCell.xib in Resources */ = {isa = PBXBuildFile; fileRef = 5767EF3429180E53000CD65C /* FriendPhotosCollectionViewCell.xib */; };
		5773845829305183001B9FD5 /* UIImageView+Extension.swift in Sources */ = {isa = PBXBuildFile; fileRef = 5773845729305183001B9FD5 /* UIImageView+Extension.swift */; };
		577A3728292D164B00EF4ADB /* AuthorizationViewController.swift in Sources */ = {isa = PBXBuildFile; fileRef = 577A3727292D164B00EF4ADB /* AuthorizationViewController.swift */; };
		577A372B292D1DC000EF4ADB /* Session.swift in Sources */ = {isa = PBXBuildFile; fileRef = 577A372A292D1DC000EF4ADB /* Session.swift */; };
		577A372E292D1F5700EF4ADB /* NetworkService.swift in Sources */ = {isa = PBXBuildFile; fileRef = 577A372D292D1F5700EF4ADB /* NetworkService.swift */; };
		577A3734292E835400EF4ADB /* LoadDataService.swift in Sources */ = {isa = PBXBuildFile; fileRef = 577A3733292E835400EF4ADB /* LoadDataService.swift */; };
		577A3738292FBEFE00EF4ADB /* Friend.swift in Sources */ = {isa = PBXBuildFile; fileRef = 577A3737292FBEFE00EF4ADB /* Friend.swift */; };
		577A373A292FC01900EF4ADB /* Response.swift in Sources */ = {isa = PBXBuildFile; fileRef = 577A3739292FC01900EF4ADB /* Response.swift */; };
		577A373C292FC52400EF4ADB /* ItemsResponse.swift in Sources */ = {isa = PBXBuildFile; fileRef = 577A373B292FC52400EF4ADB /* ItemsResponse.swift */; };
		577A373E293035C000EF4ADB /* NetworkError.swift in Sources */ = {isa = PBXBuildFile; fileRef = 577A373D293035C000EF4ADB /* NetworkError.swift */; };
		577BAB0529183F8400BD741B /* GroupTableViewController.swift in Sources */ = {isa = PBXBuildFile; fileRef = 577BAB0429183F8400BD741B /* GroupTableViewController.swift */; };
		577BAB082918416000BD741B /* RecommendationGroupTableViewController.swift in Sources */ = {isa = PBXBuildFile; fileRef = 577BAB072918416000BD741B /* RecommendationGroupTableViewController.swift */; };
		577BAB0B291842A200BD741B /* GroupTableViewCell.swift in Sources */ = {isa = PBXBuildFile; fileRef = 577BAB09291842A200BD741B /* GroupTableViewCell.swift */; };
		577BAB0C291842A200BD741B /* GroupTableViewCell.xib in Resources */ = {isa = PBXBuildFile; fileRef = 577BAB0A291842A200BD741B /* GroupTableViewCell.xib */; };
		577BAB0F2918460000BD741B /* Groups.swift in Sources */ = {isa = PBXBuildFile; fileRef = 577BAB0E2918460000BD741B /* Groups.swift */; };
		577BAB11291882C000BD741B /* GradientView.swift in Sources */ = {isa = PBXBuildFile; fileRef = 577BAB10291882C000BD741B /* GradientView.swift */; };
		577BAB182918893E00BD741B /* LikeControl.swift in Sources */ = {isa = PBXBuildFile; fileRef = 577BAB172918893E00BD741B /* LikeControl.swift */; };
		577BAB1B2918998A00BD741B /* AvatarView.swift in Sources */ = {isa = PBXBuildFile; fileRef = 577BAB1A2918998A00BD741B /* AvatarView.swift */; };
		577BAB1E291B103A00BD741B /* HeaderView.swift in Sources */ = {isa = PBXBuildFile; fileRef = 577BAB1D291B103A00BD741B /* HeaderView.swift */; };
		577BAB23291B10DE00BD741B /* HeaderView.xib in Resources */ = {isa = PBXBuildFile; fileRef = 577BAB22291B10DE00BD741B /* HeaderView.xib */; };
		577BAB27291B544A00BD741B /* NewsTableViewController.swift in Sources */ = {isa = PBXBuildFile; fileRef = 577BAB26291B544A00BD741B /* NewsTableViewController.swift */; };
		577BAB2C291B558D00BD741B /* ImageTableViewCell.swift in Sources */ = {isa = PBXBuildFile; fileRef = 577BAB2A291B558D00BD741B /* ImageTableViewCell.swift */; };
		577BAB2D291B558D00BD741B /* ImageTableViewCell.xib in Resources */ = {isa = PBXBuildFile; fileRef = 577BAB2B291B558D00BD741B /* ImageTableViewCell.xib */; };
		577BAB30291B5A1800BD741B /* News.swift in Sources */ = {isa = PBXBuildFile; fileRef = 577BAB2F291B5A1800BD741B /* News.swift */; };
		578D89EE2937800B00CA7C0B /* RealmService.swift in Sources */ = {isa = PBXBuildFile; fileRef = 578D89ED2937800B00CA7C0B /* RealmService.swift */; };
		578D89F12937F76400CA7C0B /* DataProvider.swift in Sources */ = {isa = PBXBuildFile; fileRef = 578D89F02937F76400CA7C0B /* DataProvider.swift */; };
		578D8A8E293E3B2700CA7C0B /* NewsType.swift in Sources */ = {isa = PBXBuildFile; fileRef = 578D8A8D293E3B2700CA7C0B /* NewsType.swift */; };
		578D8A93293E3F7500CA7C0B /* HeaderTableViewCell.swift in Sources */ = {isa = PBXBuildFile; fileRef = 578D8A91293E3F7500CA7C0B /* HeaderTableViewCell.swift */; };
		578D8A94293E3F7500CA7C0B /* HeaderTableViewCell.xib in Resources */ = {isa = PBXBuildFile; fileRef = 578D8A92293E3F7500CA7C0B /* HeaderTableViewCell.xib */; };
		578D8A97293E48C000CA7C0B /* FooterTableViewCell.swift in Sources */ = {isa = PBXBuildFile; fileRef = 578D8A95293E48BF00CA7C0B /* FooterTableViewCell.swift */; };
		578D8A98293E48C000CA7C0B /* FooterTableViewCell.xib in Resources */ = {isa = PBXBuildFile; fileRef = 578D8A96293E48BF00CA7C0B /* FooterTableViewCell.xib */; };
		57994A842911BE19008D4267 /* AppDelegate.swift in Sources */ = {isa = PBXBuildFile; fileRef = 57994A832911BE19008D4267 /* AppDelegate.swift */; };
		57994A862911BE19008D4267 /* SceneDelegate.swift in Sources */ = {isa = PBXBuildFile; fileRef = 57994A852911BE19008D4267 /* SceneDelegate.swift */; };
		57994A8B2911BE19008D4267 /* Main.storyboard in Resources */ = {isa = PBXBuildFile; fileRef = 57994A892911BE19008D4267 /* Main.storyboard */; };
		57994A8D2911BE1B008D4267 /* Assets.xcassets in Resources */ = {isa = PBXBuildFile; fileRef = 57994A8C2911BE1B008D4267 /* Assets.xcassets */; };
		57994A902911BE1B008D4267 /* LaunchScreen.storyboard in Resources */ = {isa = PBXBuildFile; fileRef = 57994A8E2911BE1B008D4267 /* LaunchScreen.storyboard */; };
		57994A9A2911C0D8008D4267 /* Colors.xcassets in Resources */ = {isa = PBXBuildFile; fileRef = 57994A992911C0D8008D4267 /* Colors.xcassets */; };
		579C7BA729454C5A007F81D2 /* PromiseProvider.swift in Sources */ = {isa = PBXBuildFile; fileRef = 579C7BA629454C5A007F81D2 /* PromiseProvider.swift */; };
		579F24A22911F46F00678837 /* ViewController+Extension.swift in Sources */ = {isa = PBXBuildFile; fileRef = 579F24A12911F46F00678837 /* ViewController+Extension.swift */; };
		57B8D1FD291679CC007DF516 /* FriendsTableViewController.swift in Sources */ = {isa = PBXBuildFile; fileRef = 57B8D1FC291679CC007DF516 /* FriendsTableViewController.swift */; };
		57B8D20529167B00007DF516 /* FriendsSearchTableViewCell.swift in Sources */ = {isa = PBXBuildFile; fileRef = 57B8D20329167B00007DF516 /* FriendsSearchTableViewCell.swift */; };
		57B8D20629167B00007DF516 /* FriendsSearchTableViewCell.xib in Resources */ = {isa = PBXBuildFile; fileRef = 57B8D20429167B00007DF516 /* FriendsSearchTableViewCell.xib */; };
		57B8D20A2916C685007DF516 /* FriendsInfoTableViewCell.swift in Sources */ = {isa = PBXBuildFile; fileRef = 57B8D2082916C685007DF516 /* FriendsInfoTableViewCell.swift */; };
		57B8D20B2916C685007DF516 /* FriendsInfoTableViewCell.xib in Resources */ = {isa = PBXBuildFile; fileRef = 57B8D2092916C685007DF516 /* FriendsInfoTableViewCell.xib */; };
		57B8D20E2916CEDA007DF516 /* FriendsRequestTableViewCell.swift in Sources */ = {isa = PBXBuildFile; fileRef = 57B8D20C2916CEDA007DF516 /* FriendsRequestTableViewCell.swift */; };
		57B8D20F2916CEDA007DF516 /* FriendsRequestTableViewCell.xib in Resources */ = {isa = PBXBuildFile; fileRef = 57B8D20D2916CEDA007DF516 /* FriendsRequestTableViewCell.xib */; };
		57CF2F39293E5FD1009C2C8E /* NewsConfigurable.swift in Sources */ = {isa = PBXBuildFile; fileRef = 57CF2F38293E5FD1009C2C8E /* NewsConfigurable.swift */; };
		57CF2F3C293F5E36009C2C8E /* PostTableViewCell.swift in Sources */ = {isa = PBXBuildFile; fileRef = 57CF2F3A293F5E36009C2C8E /* PostTableViewCell.swift */; };
		57CF2F3D293F5E36009C2C8E /* PostTableViewCell.xib in Resources */ = {isa = PBXBuildFile; fileRef = 57CF2F3B293F5E36009C2C8E /* PostTableViewCell.xib */; };
		57CF2F40293F5FAB009C2C8E /* PostAndImageTableViewCell.swift in Sources */ = {isa = PBXBuildFile; fileRef = 57CF2F3E293F5FAB009C2C8E /* PostAndImageTableViewCell.swift */; };
		57CF2F41293F5FAB009C2C8E /* PostAndImageTableViewCell.xib in Resources */ = {isa = PBXBuildFile; fileRef = 57CF2F3F293F5FAB009C2C8E /* PostAndImageTableViewCell.xib */; };
		57CF2F43293F830D009C2C8E /* NewsPost.swift in Sources */ = {isa = PBXBuildFile; fileRef = 57CF2F42293F830C009C2C8E /* NewsPost.swift */; };
		57CF2F45293FBD82009C2C8E /* ItemNewsResponse.swift in Sources */ = {isa = PBXBuildFile; fileRef = 57CF2F44293FBD82009C2C8E /* ItemNewsResponse.swift */; };
		57CF2F472940D558009C2C8E /* AttachmentKind.swift in Sources */ = {isa = PBXBuildFile; fileRef = 57CF2F462940D558009C2C8E /* AttachmentKind.swift */; };
		57CF2F492940D5DE009C2C8E /* Attachment.swift in Sources */ = {isa = PBXBuildFile; fileRef = 57CF2F482940D5DE009C2C8E /* Attachment.swift */; };
		57CF2F4B2940D61E009C2C8E /* NewsPhoto.swift in Sources */ = {isa = PBXBuildFile; fileRef = 57CF2F4A2940D61D009C2C8E /* NewsPhoto.swift */; };
		57CF2F4D2940D663009C2C8E /* Size.swift in Sources */ = {isa = PBXBuildFile; fileRef = 57CF2F4C2940D663009C2C8E /* Size.swift */; };
		57CF2F4F29446E1F009C2C8E /* LoadDataGroupService.swift in Sources */ = {isa = PBXBuildFile; fileRef = 57CF2F4E29446E1F009C2C8E /* LoadDataGroupService.swift */; };
		57CF2F52294497FC009C2C8E /* AsyncOperation.swift in Sources */ = {isa = PBXBuildFile; fileRef = 57CF2F51294497FC009C2C8E /* AsyncOperation.swift */; };
		57CF2F54294499AE009C2C8E /* GetDataOperation.swift in Sources */ = {isa = PBXBuildFile; fileRef = 57CF2F53294499AE009C2C8E /* GetDataOperation.swift */; };
		57CF2F562944A12A009C2C8E /* ParseGroupDataOperation.swift in Sources */ = {isa = PBXBuildFile; fileRef = 57CF2F552944A12A009C2C8E /* ParseGroupDataOperation.swift */; };
		57CF2F5D2944AF60009C2C8E /* SaveToRealmGroupOperation.swift in Sources */ = {isa = PBXBuildFile; fileRef = 57CF2F5C2944AF60009C2C8E /* SaveToRealmGroupOperation.swift */; };
		57CF2F5F2944C563009C2C8E /* PromiseService.swift in Sources */ = {isa = PBXBuildFile; fileRef = 57CF2F5E2944C563009C2C8E /* PromiseService.swift */; };
		57D1C6CF2916DCCB006731B1 /* BirthdayTableViewCell.swift in Sources */ = {isa = PBXBuildFile; fileRef = 57D1C6CD2916DCCB006731B1 /* BirthdayTableViewCell.swift */; };
		57D1C6D02916DCCB006731B1 /* BirthdayTableViewCell.xib in Resources */ = {isa = PBXBuildFile; fileRef = 57D1C6CE2916DCCB006731B1 /* BirthdayTableViewCell.xib */; };
		57D1C6D22916E672006731B1 /* Birthday.swift in Sources */ = {isa = PBXBuildFile; fileRef = 57D1C6D12916E672006731B1 /* Birthday.swift */; };
		57D1C6D72916EB47006731B1 /* FriendsTableViewCell.swift in Sources */ = {isa = PBXBuildFile; fileRef = 57D1C6D52916EB47006731B1 /* FriendsTableViewCell.swift */; };
		57D1C6D82916EB47006731B1 /* FriendsTableViewCell.xib in Resources */ = {isa = PBXBuildFile; fileRef = 57D1C6D62916EB47006731B1 /* FriendsTableViewCell.xib */; };
		57D1C6DA2916EFEC006731B1 /* NewsFriends.swift in Sources */ = {isa = PBXBuildFile; fileRef = 57D1C6D92916EFEC006731B1 /* NewsFriends.swift */; };
		57D1C6DC29170ED0006731B1 /* ProfileCollectionViewController.swift in Sources */ = {isa = PBXBuildFile; fileRef = 57D1C6DB29170ED0006731B1 /* ProfileCollectionViewController.swift */; };
/* End PBXBuildFile section */

/* Begin PBXFileReference section */
		266A4B097E36288896037B36 /* Pods-VK.release.xcconfig */ = {isa = PBXFileReference; includeInIndex = 1; lastKnownFileType = text.xcconfig; name = "Pods-VK.release.xcconfig"; path = "Target Support Files/Pods-VK/Pods-VK.release.xcconfig"; sourceTree = "<group>"; };
		571EB0CB291BFF6D00295BED /* Loading.swift */ = {isa = PBXFileReference; lastKnownFileType = sourcecode.swift; path = Loading.swift; sourceTree = "<group>"; };
		571EB0CD291C283E00295BED /* VKTabBarController.swift */ = {isa = PBXFileReference; lastKnownFileType = sourcecode.swift; path = VKTabBarController.swift; sourceTree = "<group>"; };
		571EB0CF291D941300295BED /* ProfileViewController.swift */ = {isa = PBXFileReference; lastKnownFileType = sourcecode.swift; path = ProfileViewController.swift; sourceTree = "<group>"; };
		571EB0D1291DA82400295BED /* CustomNavigationController.swift */ = {isa = PBXFileReference; lastKnownFileType = sourcecode.swift; path = CustomNavigationController.swift; sourceTree = "<group>"; };
		571EB0D4291DA91500295BED /* CustomPushAnimator.swift */ = {isa = PBXFileReference; lastKnownFileType = sourcecode.swift; path = CustomPushAnimator.swift; sourceTree = "<group>"; };
		571EB0D6291DA97A00295BED /* CustomPopAnimator.swift */ = {isa = PBXFileReference; lastKnownFileType = sourcecode.swift; path = CustomPopAnimator.swift; sourceTree = "<group>"; };
		571EB0D8291DC2E700295BED /* CustomInteractiveTransition.swift */ = {isa = PBXFileReference; lastKnownFileType = sourcecode.swift; path = CustomInteractiveTransition.swift; sourceTree = "<group>"; };
		575171532930600000AD441B /* Photo.swift */ = {isa = PBXFileReference; lastKnownFileType = sourcecode.swift; path = Photo.swift; sourceTree = "<group>"; };
		57517155293066B100AD441B /* PhotoPath.swift */ = {isa = PBXFileReference; lastKnownFileType = sourcecode.swift; path = PhotoPath.swift; sourceTree = "<group>"; };
		5751715B293070C600AD441B /* Group.swift */ = {isa = PBXFileReference; lastKnownFileType = sourcecode.swift; path = Group.swift; sourceTree = "<group>"; };
		5767EF3329180E53000CD65C /* FriendPhotosCollectionViewCell.swift */ = {isa = PBXFileReference; lastKnownFileType = sourcecode.swift; path = FriendPhotosCollectionViewCell.swift; sourceTree = "<group>"; };
		5767EF3429180E53000CD65C /* FriendPhotosCollectionViewCell.xib */ = {isa = PBXFileReference; lastKnownFileType = file.xib; path = FriendPhotosCollectionViewCell.xib; sourceTree = "<group>"; };
		5773845729305183001B9FD5 /* UIImageView+Extension.swift */ = {isa = PBXFileReference; lastKnownFileType = sourcecode.swift; path = "UIImageView+Extension.swift"; sourceTree = "<group>"; };
		577A3727292D164B00EF4ADB /* AuthorizationViewController.swift */ = {isa = PBXFileReference; lastKnownFileType = sourcecode.swift; path = AuthorizationViewController.swift; sourceTree = "<group>"; };
		577A372A292D1DC000EF4ADB /* Session.swift */ = {isa = PBXFileReference; lastKnownFileType = sourcecode.swift; path = Session.swift; sourceTree = "<group>"; };
		577A372D292D1F5700EF4ADB /* NetworkService.swift */ = {isa = PBXFileReference; lastKnownFileType = sourcecode.swift; path = NetworkService.swift; sourceTree = "<group>"; };
		577A3733292E835400EF4ADB /* LoadDataService.swift */ = {isa = PBXFileReference; lastKnownFileType = sourcecode.swift; path = LoadDataService.swift; sourceTree = "<group>"; };
		577A3737292FBEFE00EF4ADB /* Friend.swift */ = {isa = PBXFileReference; lastKnownFileType = sourcecode.swift; path = Friend.swift; sourceTree = "<group>"; };
		577A3739292FC01900EF4ADB /* Response.swift */ = {isa = PBXFileReference; lastKnownFileType = sourcecode.swift; path = Response.swift; sourceTree = "<group>"; };
		577A373B292FC52400EF4ADB /* ItemsResponse.swift */ = {isa = PBXFileReference; lastKnownFileType = sourcecode.swift; path = ItemsResponse.swift; sourceTree = "<group>"; };
		577A373D293035C000EF4ADB /* NetworkError.swift */ = {isa = PBXFileReference; lastKnownFileType = sourcecode.swift; path = NetworkError.swift; sourceTree = "<group>"; };
		577BAB0429183F8400BD741B /* GroupTableViewController.swift */ = {isa = PBXFileReference; lastKnownFileType = sourcecode.swift; path = GroupTableViewController.swift; sourceTree = "<group>"; };
		577BAB072918416000BD741B /* RecommendationGroupTableViewController.swift */ = {isa = PBXFileReference; lastKnownFileType = sourcecode.swift; path = RecommendationGroupTableViewController.swift; sourceTree = "<group>"; };
		577BAB09291842A200BD741B /* GroupTableViewCell.swift */ = {isa = PBXFileReference; lastKnownFileType = sourcecode.swift; path = GroupTableViewCell.swift; sourceTree = "<group>"; };
		577BAB0A291842A200BD741B /* GroupTableViewCell.xib */ = {isa = PBXFileReference; lastKnownFileType = file.xib; path = GroupTableViewCell.xib; sourceTree = "<group>"; };
		577BAB0E2918460000BD741B /* Groups.swift */ = {isa = PBXFileReference; lastKnownFileType = sourcecode.swift; path = Groups.swift; sourceTree = "<group>"; };
		577BAB10291882C000BD741B /* GradientView.swift */ = {isa = PBXFileReference; lastKnownFileType = sourcecode.swift; path = GradientView.swift; sourceTree = "<group>"; };
		577BAB172918893E00BD741B /* LikeControl.swift */ = {isa = PBXFileReference; lastKnownFileType = sourcecode.swift; path = LikeControl.swift; sourceTree = "<group>"; };
		577BAB1A2918998A00BD741B /* AvatarView.swift */ = {isa = PBXFileReference; lastKnownFileType = sourcecode.swift; path = AvatarView.swift; sourceTree = "<group>"; };
		577BAB1D291B103A00BD741B /* HeaderView.swift */ = {isa = PBXFileReference; lastKnownFileType = sourcecode.swift; path = HeaderView.swift; sourceTree = "<group>"; };
		577BAB22291B10DE00BD741B /* HeaderView.xib */ = {isa = PBXFileReference; lastKnownFileType = file.xib; path = HeaderView.xib; sourceTree = "<group>"; };
		577BAB26291B544A00BD741B /* NewsTableViewController.swift */ = {isa = PBXFileReference; lastKnownFileType = sourcecode.swift; path = NewsTableViewController.swift; sourceTree = "<group>"; };
		577BAB2A291B558D00BD741B /* ImageTableViewCell.swift */ = {isa = PBXFileReference; lastKnownFileType = sourcecode.swift; path = ImageTableViewCell.swift; sourceTree = "<group>"; };
		577BAB2B291B558D00BD741B /* ImageTableViewCell.xib */ = {isa = PBXFileReference; lastKnownFileType = file.xib; path = ImageTableViewCell.xib; sourceTree = "<group>"; };
		577BAB2F291B5A1800BD741B /* News.swift */ = {isa = PBXFileReference; lastKnownFileType = sourcecode.swift; path = News.swift; sourceTree = "<group>"; };
		578D89ED2937800B00CA7C0B /* RealmService.swift */ = {isa = PBXFileReference; lastKnownFileType = sourcecode.swift; path = RealmService.swift; sourceTree = "<group>"; };
		578D89F02937F76400CA7C0B /* DataProvider.swift */ = {isa = PBXFileReference; lastKnownFileType = sourcecode.swift; path = DataProvider.swift; sourceTree = "<group>"; };
		578D8A8D293E3B2700CA7C0B /* NewsType.swift */ = {isa = PBXFileReference; lastKnownFileType = sourcecode.swift; path = NewsType.swift; sourceTree = "<group>"; };
		578D8A91293E3F7500CA7C0B /* HeaderTableViewCell.swift */ = {isa = PBXFileReference; lastKnownFileType = sourcecode.swift; path = HeaderTableViewCell.swift; sourceTree = "<group>"; };
		578D8A92293E3F7500CA7C0B /* HeaderTableViewCell.xib */ = {isa = PBXFileReference; lastKnownFileType = file.xib; path = HeaderTableViewCell.xib; sourceTree = "<group>"; };
		578D8A95293E48BF00CA7C0B /* FooterTableViewCell.swift */ = {isa = PBXFileReference; lastKnownFileType = sourcecode.swift; path = FooterTableViewCell.swift; sourceTree = "<group>"; };
		578D8A96293E48BF00CA7C0B /* FooterTableViewCell.xib */ = {isa = PBXFileReference; lastKnownFileType = file.xib; path = FooterTableViewCell.xib; sourceTree = "<group>"; };
		57994A802911BE19008D4267 /* VK.app */ = {isa = PBXFileReference; explicitFileType = wrapper.application; includeInIndex = 0; path = VK.app; sourceTree = BUILT_PRODUCTS_DIR; };
		57994A832911BE19008D4267 /* AppDelegate.swift */ = {isa = PBXFileReference; lastKnownFileType = sourcecode.swift; path = AppDelegate.swift; sourceTree = "<group>"; };
		57994A852911BE19008D4267 /* SceneDelegate.swift */ = {isa = PBXFileReference; lastKnownFileType = sourcecode.swift; path = SceneDelegate.swift; sourceTree = "<group>"; };
		57994A8A2911BE19008D4267 /* Base */ = {isa = PBXFileReference; lastKnownFileType = file.storyboard; name = Base; path = Base.lproj/Main.storyboard; sourceTree = "<group>"; };
		57994A8C2911BE1B008D4267 /* Assets.xcassets */ = {isa = PBXFileReference; lastKnownFileType = folder.assetcatalog; path = Assets.xcassets; sourceTree = "<group>"; };
		57994A8F2911BE1B008D4267 /* Base */ = {isa = PBXFileReference; lastKnownFileType = file.storyboard; name = Base; path = Base.lproj/LaunchScreen.storyboard; sourceTree = "<group>"; };
		57994A912911BE1B008D4267 /* Info.plist */ = {isa = PBXFileReference; lastKnownFileType = text.plist.xml; path = Info.plist; sourceTree = "<group>"; };
		57994A992911C0D8008D4267 /* Colors.xcassets */ = {isa = PBXFileReference; lastKnownFileType = folder.assetcatalog; path = Colors.xcassets; sourceTree = "<group>"; };
		579C7BA629454C5A007F81D2 /* PromiseProvider.swift */ = {isa = PBXFileReference; lastKnownFileType = sourcecode.swift; path = PromiseProvider.swift; sourceTree = "<group>"; };
		579F24A12911F46F00678837 /* ViewController+Extension.swift */ = {isa = PBXFileReference; lastKnownFileType = sourcecode.swift; path = "ViewController+Extension.swift"; sourceTree = "<group>"; };
		57B8D1FC291679CC007DF516 /* FriendsTableViewController.swift */ = {isa = PBXFileReference; lastKnownFileType = sourcecode.swift; name = FriendsTableViewController.swift; path = VK/Presentation/Friends/ViewControllers/FriendsTableViewController.swift; sourceTree = SOURCE_ROOT; };
		57B8D20329167B00007DF516 /* FriendsSearchTableViewCell.swift */ = {isa = PBXFileReference; lastKnownFileType = sourcecode.swift; path = FriendsSearchTableViewCell.swift; sourceTree = "<group>"; };
		57B8D20429167B00007DF516 /* FriendsSearchTableViewCell.xib */ = {isa = PBXFileReference; lastKnownFileType = file.xib; path = FriendsSearchTableViewCell.xib; sourceTree = "<group>"; };
		57B8D2082916C685007DF516 /* FriendsInfoTableViewCell.swift */ = {isa = PBXFileReference; lastKnownFileType = sourcecode.swift; path = FriendsInfoTableViewCell.swift; sourceTree = "<group>"; };
		57B8D2092916C685007DF516 /* FriendsInfoTableViewCell.xib */ = {isa = PBXFileReference; lastKnownFileType = file.xib; path = FriendsInfoTableViewCell.xib; sourceTree = "<group>"; };
		57B8D20C2916CEDA007DF516 /* FriendsRequestTableViewCell.swift */ = {isa = PBXFileReference; lastKnownFileType = sourcecode.swift; path = FriendsRequestTableViewCell.swift; sourceTree = "<group>"; };
		57B8D20D2916CEDA007DF516 /* FriendsRequestTableViewCell.xib */ = {isa = PBXFileReference; lastKnownFileType = file.xib; path = FriendsRequestTableViewCell.xib; sourceTree = "<group>"; };
		57CF2F38293E5FD1009C2C8E /* NewsConfigurable.swift */ = {isa = PBXFileReference; lastKnownFileType = sourcecode.swift; path = NewsConfigurable.swift; sourceTree = "<group>"; };
		57CF2F3A293F5E36009C2C8E /* PostTableViewCell.swift */ = {isa = PBXFileReference; lastKnownFileType = sourcecode.swift; path = PostTableViewCell.swift; sourceTree = "<group>"; };
		57CF2F3B293F5E36009C2C8E /* PostTableViewCell.xib */ = {isa = PBXFileReference; lastKnownFileType = file.xib; path = PostTableViewCell.xib; sourceTree = "<group>"; };
		57CF2F3E293F5FAB009C2C8E /* PostAndImageTableViewCell.swift */ = {isa = PBXFileReference; lastKnownFileType = sourcecode.swift; path = PostAndImageTableViewCell.swift; sourceTree = "<group>"; };
		57CF2F3F293F5FAB009C2C8E /* PostAndImageTableViewCell.xib */ = {isa = PBXFileReference; lastKnownFileType = file.xib; path = PostAndImageTableViewCell.xib; sourceTree = "<group>"; };
		57CF2F42293F830C009C2C8E /* NewsPost.swift */ = {isa = PBXFileReference; lastKnownFileType = sourcecode.swift; path = NewsPost.swift; sourceTree = "<group>"; };
		57CF2F44293FBD82009C2C8E /* ItemNewsResponse.swift */ = {isa = PBXFileReference; lastKnownFileType = sourcecode.swift; path = ItemNewsResponse.swift; sourceTree = "<group>"; };
		57CF2F462940D558009C2C8E /* AttachmentKind.swift */ = {isa = PBXFileReference; lastKnownFileType = sourcecode.swift; path = AttachmentKind.swift; sourceTree = "<group>"; };
		57CF2F482940D5DE009C2C8E /* Attachment.swift */ = {isa = PBXFileReference; lastKnownFileType = sourcecode.swift; path = Attachment.swift; sourceTree = "<group>"; };
		57CF2F4A2940D61D009C2C8E /* NewsPhoto.swift */ = {isa = PBXFileReference; lastKnownFileType = sourcecode.swift; path = NewsPhoto.swift; sourceTree = "<group>"; };
		57CF2F4C2940D663009C2C8E /* Size.swift */ = {isa = PBXFileReference; lastKnownFileType = sourcecode.swift; path = Size.swift; sourceTree = "<group>"; };
		57CF2F4E29446E1F009C2C8E /* LoadDataGroupService.swift */ = {isa = PBXFileReference; lastKnownFileType = sourcecode.swift; path = LoadDataGroupService.swift; sourceTree = "<group>"; };
		57CF2F51294497FC009C2C8E /* AsyncOperation.swift */ = {isa = PBXFileReference; lastKnownFileType = sourcecode.swift; path = AsyncOperation.swift; sourceTree = "<group>"; };
		57CF2F53294499AE009C2C8E /* GetDataOperation.swift */ = {isa = PBXFileReference; lastKnownFileType = sourcecode.swift; path = GetDataOperation.swift; sourceTree = "<group>"; };
		57CF2F552944A12A009C2C8E /* ParseGroupDataOperation.swift */ = {isa = PBXFileReference; lastKnownFileType = sourcecode.swift; path = ParseGroupDataOperation.swift; sourceTree = "<group>"; };
		57CF2F5C2944AF60009C2C8E /* SaveToRealmGroupOperation.swift */ = {isa = PBXFileReference; lastKnownFileType = sourcecode.swift; path = SaveToRealmGroupOperation.swift; sourceTree = "<group>"; };
		57CF2F5E2944C563009C2C8E /* PromiseService.swift */ = {isa = PBXFileReference; lastKnownFileType = sourcecode.swift; path = PromiseService.swift; sourceTree = "<group>"; };
		57D1C6CD2916DCCB006731B1 /* BirthdayTableViewCell.swift */ = {isa = PBXFileReference; lastKnownFileType = sourcecode.swift; path = BirthdayTableViewCell.swift; sourceTree = "<group>"; };
		57D1C6CE2916DCCB006731B1 /* BirthdayTableViewCell.xib */ = {isa = PBXFileReference; lastKnownFileType = file.xib; path = BirthdayTableViewCell.xib; sourceTree = "<group>"; };
		57D1C6D12916E672006731B1 /* Birthday.swift */ = {isa = PBXFileReference; lastKnownFileType = sourcecode.swift; path = Birthday.swift; sourceTree = "<group>"; };
		57D1C6D52916EB47006731B1 /* FriendsTableViewCell.swift */ = {isa = PBXFileReference; lastKnownFileType = sourcecode.swift; path = FriendsTableViewCell.swift; sourceTree = "<group>"; };
		57D1C6D62916EB47006731B1 /* FriendsTableViewCell.xib */ = {isa = PBXFileReference; lastKnownFileType = file.xib; path = FriendsTableViewCell.xib; sourceTree = "<group>"; };
		57D1C6D92916EFEC006731B1 /* NewsFriends.swift */ = {isa = PBXFileReference; lastKnownFileType = sourcecode.swift; path = NewsFriends.swift; sourceTree = "<group>"; };
		57D1C6DB29170ED0006731B1 /* ProfileCollectionViewController.swift */ = {isa = PBXFileReference; lastKnownFileType = sourcecode.swift; path = ProfileCollectionViewController.swift; sourceTree = "<group>"; };
		CBA78E33889E5E212E255A4C /* Pods_VK.framework */ = {isa = PBXFileReference; explicitFileType = wrapper.framework; includeInIndex = 0; path = Pods_VK.framework; sourceTree = BUILT_PRODUCTS_DIR; };
		DCFD7387B87346FED4324F13 /* Pods-VK.debug.xcconfig */ = {isa = PBXFileReference; includeInIndex = 1; lastKnownFileType = text.xcconfig; name = "Pods-VK.debug.xcconfig"; path = "Target Support Files/Pods-VK/Pods-VK.debug.xcconfig"; sourceTree = "<group>"; };
/* End PBXFileReference section */

/* Begin PBXFrameworksBuildPhase section */
		57994A7D2911BE19008D4267 /* Frameworks */ = {
			isa = PBXFrameworksBuildPhase;
			buildActionMask = 2147483647;
			files = (
				2A034EAD1D055FEFDB461ED6 /* Pods_VK.framework in Frameworks */,
			);
			runOnlyForDeploymentPostprocessing = 0;
		};
/* End PBXFrameworksBuildPhase section */

/* Begin PBXGroup section */
		571EB0D3291DA83000295BED /* Animations */ = {
			isa = PBXGroup;
			children = (
				571EB0D1291DA82400295BED /* CustomNavigationController.swift */,
				571EB0D4291DA91500295BED /* CustomPushAnimator.swift */,
				571EB0D6291DA97A00295BED /* CustomPopAnimator.swift */,
				571EB0D8291DC2E700295BED /* CustomInteractiveTransition.swift */,
			);
			path = Animations;
			sourceTree = "<group>";
		};
		577A372C292D1DC400EF4ADB /* Session */ = {
			isa = PBXGroup;
			children = (
				577A372A292D1DC000EF4ADB /* Session.swift */,
				577A372D292D1F5700EF4ADB /* NetworkService.swift */,
				577A3733292E835400EF4ADB /* LoadDataService.swift */,
				577A373D293035C000EF4ADB /* NetworkError.swift */,
			);
			name = Session;
			path = Animations/Session;
			sourceTree = "<group>";
		};
		577BAB0629183FB500BD741B /* Groups */ = {
			isa = PBXGroup;
			children = (
				577BAB152918889400BD741B /* ViewControllers */,
				577BAB0D291842A800BD741B /* Cells */,
				577BAB1C2918999000BD741B /* Views */,
			);
			path = Groups;
			sourceTree = "<group>";
		};
		577BAB0D291842A800BD741B /* Cells */ = {
			isa = PBXGroup;
			children = (
				577BAB09291842A200BD741B /* GroupTableViewCell.swift */,
				577BAB0A291842A200BD741B /* GroupTableViewCell.xib */,
			);
			path = Cells;
			sourceTree = "<group>";
		};
		577BAB12291887F100BD741B /* ViewControllers */ = {
			isa = PBXGroup;
			children = (
				577A3727292D164B00EF4ADB /* AuthorizationViewController.swift */,
				571EB0CD291C283E00295BED /* VKTabBarController.swift */,
			);
			path = ViewControllers;
			sourceTree = "<group>";
		};
		577BAB132918880400BD741B /* Views */ = {
			isa = PBXGroup;
			children = (
				577BAB10291882C000BD741B /* GradientView.swift */,
				571EB0CB291BFF6D00295BED /* Loading.swift */,
			);
			path = Views;
			sourceTree = "<group>";
		};
		577BAB152918889400BD741B /* ViewControllers */ = {
			isa = PBXGroup;
			children = (
				577BAB0429183F8400BD741B /* GroupTableViewController.swift */,
				577BAB072918416000BD741B /* RecommendationGroupTableViewController.swift */,
			);
			path = ViewControllers;
			sourceTree = "<group>";
		};
		577BAB192918894F00BD741B /* Controls */ = {
			isa = PBXGroup;
			children = (
				577BAB172918893E00BD741B /* LikeControl.swift */,
			);
			path = Controls;
			sourceTree = "<group>";
		};
		577BAB1C2918999000BD741B /* Views */ = {
			isa = PBXGroup;
			children = (
				577BAB1A2918998A00BD741B /* AvatarView.swift */,
			);
			path = Views;
			sourceTree = "<group>";
		};
		577BAB1F291B103F00BD741B /* Views */ = {
			isa = PBXGroup;
			children = (
				577BAB1D291B103A00BD741B /* HeaderView.swift */,
				577BAB22291B10DE00BD741B /* HeaderView.xib */,
			);
			path = Views;
			sourceTree = "<group>";
		};
		577BAB28291B544E00BD741B /* News */ = {
			isa = PBXGroup;
			children = (
				577BAB29291B548600BD741B /* ViewControllers */,
				577BAB2E291B559B00BD741B /* Cells */,
			);
			path = News;
			sourceTree = "<group>";
		};
		577BAB29291B548600BD741B /* ViewControllers */ = {
			isa = PBXGroup;
			children = (
				577BAB26291B544A00BD741B /* NewsTableViewController.swift */,
			);
			path = ViewControllers;
			sourceTree = "<group>";
		};
		577BAB2E291B559B00BD741B /* Cells */ = {
			isa = PBXGroup;
			children = (
				57CF2F38293E5FD1009C2C8E /* NewsConfigurable.swift */,
				577BAB2A291B558D00BD741B /* ImageTableViewCell.swift */,
				57CF2F3E293F5FAB009C2C8E /* PostAndImageTableViewCell.swift */,
				57CF2F3F293F5FAB009C2C8E /* PostAndImageTableViewCell.xib */,
				577BAB2B291B558D00BD741B /* ImageTableViewCell.xib */,
				578D8A91293E3F7500CA7C0B /* HeaderTableViewCell.swift */,
				57CF2F3A293F5E36009C2C8E /* PostTableViewCell.swift */,
				57CF2F3B293F5E36009C2C8E /* PostTableViewCell.xib */,
				578D8A92293E3F7500CA7C0B /* HeaderTableViewCell.xib */,
				578D8A95293E48BF00CA7C0B /* FooterTableViewCell.swift */,
				578D8A96293E48BF00CA7C0B /* FooterTableViewCell.xib */,
				5767EF3329180E53000CD65C /* FriendPhotosCollectionViewCell.swift */,
				5767EF3429180E53000CD65C /* FriendPhotosCollectionViewCell.xib */,
			);
			path = Cells;
			sourceTree = "<group>";
		};
		578D89EC2930996E00CA7C0B /* Models */ = {
			isa = PBXGroup;
			children = (
				577A3739292FC01900EF4ADB /* Response.swift */,
				577A373B292FC52400EF4ADB /* ItemsResponse.swift */,
				57CF2F44293FBD82009C2C8E /* ItemNewsResponse.swift */,
				57CF2F4A2940D61D009C2C8E /* NewsPhoto.swift */,
				57CF2F42293F830C009C2C8E /* NewsPost.swift */,
				57CF2F4C2940D663009C2C8E /* Size.swift */,
				57CF2F482940D5DE009C2C8E /* Attachment.swift */,
				57CF2F462940D558009C2C8E /* AttachmentKind.swift */,
				575171532930600000AD441B /* Photo.swift */,
				57517155293066B100AD441B /* PhotoPath.swift */,
				5751715B293070C600AD441B /* Group.swift */,
				577A3737292FBEFE00EF4ADB /* Friend.swift */,
				57D1C6D12916E672006731B1 /* Birthday.swift */,
				577BAB0E2918460000BD741B /* Groups.swift */,
				577BAB2F291B5A1800BD741B /* News.swift */,
				578D8A8D293E3B2700CA7C0B /* NewsType.swift */,
				57D1C6D92916EFEC006731B1 /* NewsFriends.swift */,
			);
			path = Models;
			sourceTree = "<group>";
		};
		578D89EF2937801100CA7C0B /* Realm */ = {
			isa = PBXGroup;
			children = (
				578D89ED2937800B00CA7C0B /* RealmService.swift */,
			);
			path = Realm;
			sourceTree = "<group>";
		};
		578D89F229386A9200CA7C0B /* DataProvider */ = {
			isa = PBXGroup;
			children = (
				578D89F02937F76400CA7C0B /* DataProvider.swift */,
				579C7BA629454C5A007F81D2 /* PromiseProvider.swift */,
			);
			path = DataProvider;
			sourceTree = "<group>";
		};
		57994A772911BE19008D4267 = {
			isa = PBXGroup;
			children = (
				57994A822911BE19008D4267 /* VK */,
				57994A812911BE19008D4267 /* Products */,
				CFD0AD060EA59D9AFD5DB355 /* Pods */,
				598C8C3CB737FF7741B7B5BD /* Frameworks */,
			);
			sourceTree = "<group>";
		};
		57994A812911BE19008D4267 /* Products */ = {
			isa = PBXGroup;
			children = (
				57994A802911BE19008D4267 /* VK.app */,
			);
			name = Products;
			sourceTree = "<group>";
		};
		57994A822911BE19008D4267 /* VK */ = {
			isa = PBXGroup;
			children = (
				577A372C292D1DC400EF4ADB /* Session */,
				578D89F229386A9200CA7C0B /* DataProvider */,
				57CF2F5029446EBD009C2C8E /* Operation */,
				57CF2F602944C567009C2C8E /* Promise */,
				578D89EF2937801100CA7C0B /* Realm */,
				578D89EC2930996E00CA7C0B /* Models */,
				571EB0D3291DA83000295BED /* Animations */,
				579F24A32911F9FC00678837 /* Extensions */,
				579F24A52911FA5C00678837 /* Application */,
				579F24A42911FA1E00678837 /* Presentation */,
			);
			path = VK;
			sourceTree = "<group>";
		};
		579F24A32911F9FC00678837 /* Extensions */ = {
			isa = PBXGroup;
			children = (
				579F24A12911F46F00678837 /* ViewController+Extension.swift */,
				5773845729305183001B9FD5 /* UIImageView+Extension.swift */,
			);
			path = Extensions;
			sourceTree = "<group>";
		};
		579F24A42911FA1E00678837 /* Presentation */ = {
			isa = PBXGroup;
			children = (
				579F24A62911FAB800678837 /* Authentification */,
				57B8D1FE291679D6007DF516 /* Friends */,
				57D1C6DD29170F29006731B1 /* Profile */,
				577BAB0629183FB500BD741B /* Groups */,
				577BAB28291B544E00BD741B /* News */,
			);
			path = Presentation;
			sourceTree = "<group>";
		};
		579F24A52911FA5C00678837 /* Application */ = {
			isa = PBXGroup;
			children = (
				57994A832911BE19008D4267 /* AppDelegate.swift */,
				57994A852911BE19008D4267 /* SceneDelegate.swift */,
				57994A992911C0D8008D4267 /* Colors.xcassets */,
				57994A892911BE19008D4267 /* Main.storyboard */,
				57994A8C2911BE1B008D4267 /* Assets.xcassets */,
				57994A8E2911BE1B008D4267 /* LaunchScreen.storyboard */,
				57994A912911BE1B008D4267 /* Info.plist */,
			);
			path = Application;
			sourceTree = "<group>";
		};
		579F24A62911FAB800678837 /* Authentification */ = {
			isa = PBXGroup;
			children = (
				577BAB12291887F100BD741B /* ViewControllers */,
				577BAB132918880400BD741B /* Views */,
			);
			path = Authentification;
			sourceTree = "<group>";
		};
		57B8D1FE291679D6007DF516 /* Friends */ = {
			isa = PBXGroup;
			children = (
				57D1C6D42916E6BF006731B1 /* ViewControllers */,
				577BAB1F291B103F00BD741B /* Views */,
				57B8D20729167B0A007DF516 /* Cells */,
			);
			path = Friends;
			sourceTree = "<group>";
		};
		57B8D20729167B0A007DF516 /* Cells */ = {
			isa = PBXGroup;
			children = (
				57B8D20329167B00007DF516 /* FriendsSearchTableViewCell.swift */,
				57B8D20429167B00007DF516 /* FriendsSearchTableViewCell.xib */,
				57B8D2082916C685007DF516 /* FriendsInfoTableViewCell.swift */,
				57B8D2092916C685007DF516 /* FriendsInfoTableViewCell.xib */,
				57B8D20C2916CEDA007DF516 /* FriendsRequestTableViewCell.swift */,
				57B8D20D2916CEDA007DF516 /* FriendsRequestTableViewCell.xib */,
				57D1C6CD2916DCCB006731B1 /* BirthdayTableViewCell.swift */,
				57D1C6CE2916DCCB006731B1 /* BirthdayTableViewCell.xib */,
				57D1C6D52916EB47006731B1 /* FriendsTableViewCell.swift */,
				57D1C6D62916EB47006731B1 /* FriendsTableViewCell.xib */,
			);
			path = Cells;
			sourceTree = "<group>";
		};
		57CF2F5029446EBD009C2C8E /* Operation */ = {
			isa = PBXGroup;
			children = (
				57CF2F4E29446E1F009C2C8E /* LoadDataGroupService.swift */,
				57CF2F51294497FC009C2C8E /* AsyncOperation.swift */,
				57CF2F53294499AE009C2C8E /* GetDataOperation.swift */,
				57CF2F552944A12A009C2C8E /* ParseGroupDataOperation.swift */,
				57CF2F5C2944AF60009C2C8E /* SaveToRealmGroupOperation.swift */,
			);
			path = Operation;
			sourceTree = "<group>";
		};
		57CF2F602944C567009C2C8E /* Promise */ = {
			isa = PBXGroup;
			children = (
				57CF2F5E2944C563009C2C8E /* PromiseService.swift */,
			);
			path = Promise;
			sourceTree = "<group>";
		};
		57D1C6D42916E6BF006731B1 /* ViewControllers */ = {
			isa = PBXGroup;
			children = (
				57B8D1FC291679CC007DF516 /* FriendsTableViewController.swift */,
			);
			path = ViewControllers;
			sourceTree = "<group>";
		};
		57D1C6DD29170F29006731B1 /* Profile */ = {
			isa = PBXGroup;
			children = (
				57D1C6DE29170F65006731B1 /* ViewControllers */,
				577BAB192918894F00BD741B /* Controls */,
			);
			path = Profile;
			sourceTree = "<group>";
		};
		57D1C6DE29170F65006731B1 /* ViewControllers */ = {
			isa = PBXGroup;
			children = (
				57D1C6DB29170ED0006731B1 /* ProfileCollectionViewController.swift */,
				571EB0CF291D941300295BED /* ProfileViewController.swift */,
			);
			path = ViewControllers;
			sourceTree = "<group>";
		};
		598C8C3CB737FF7741B7B5BD /* Frameworks */ = {
			isa = PBXGroup;
			children = (
				CBA78E33889E5E212E255A4C /* Pods_VK.framework */,
			);
			name = Frameworks;
			sourceTree = "<group>";
		};
		CFD0AD060EA59D9AFD5DB355 /* Pods */ = {
			isa = PBXGroup;
			children = (
				DCFD7387B87346FED4324F13 /* Pods-VK.debug.xcconfig */,
				266A4B097E36288896037B36 /* Pods-VK.release.xcconfig */,
			);
			path = Pods;
			sourceTree = "<group>";
		};
/* End PBXGroup section */

/* Begin PBXNativeTarget section */
		57994A7F2911BE19008D4267 /* VK */ = {
			isa = PBXNativeTarget;
			buildConfigurationList = 57994A942911BE1B008D4267 /* Build configuration list for PBXNativeTarget "VK" */;
			buildPhases = (
				C48D7419E0AAFD3DF9E9E90D /* [CP] Check Pods Manifest.lock */,
				57994A7C2911BE19008D4267 /* Sources */,
				57994A7D2911BE19008D4267 /* Frameworks */,
				57994A7E2911BE19008D4267 /* Resources */,
				57994A982911BECD008D4267 /* Run SwitfFormat */,
				57994A972911BEA1008D4267 /* Run Swiftlint */,
				AC637792E3ABA1096AC3E77E /* [CP] Embed Pods Frameworks */,
			);
			buildRules = (
			);
			dependencies = (
			);
			name = VK;
			productName = VK;
			productReference = 57994A802911BE19008D4267 /* VK.app */;
			productType = "com.apple.product-type.application";
		};
/* End PBXNativeTarget section */

/* Begin PBXProject section */
		57994A782911BE19008D4267 /* Project object */ = {
			isa = PBXProject;
			attributes = {
				BuildIndependentTargetsInParallel = 1;
				LastSwiftUpdateCheck = 1400;
				LastUpgradeCheck = 1400;
				TargetAttributes = {
					57994A7F2911BE19008D4267 = {
						CreatedOnToolsVersion = 14.0.1;
					};
				};
			};
			buildConfigurationList = 57994A7B2911BE19008D4267 /* Build configuration list for PBXProject "VK" */;
			compatibilityVersion = "Xcode 13.0";
			developmentRegion = en;
			hasScannedForEncodings = 0;
			knownRegions = (
				en,
				Base,
			);
			mainGroup = 57994A772911BE19008D4267;
			productRefGroup = 57994A812911BE19008D4267 /* Products */;
			projectDirPath = "";
			projectRoot = "";
			targets = (
				57994A7F2911BE19008D4267 /* VK */,
			);
		};
/* End PBXProject section */

/* Begin PBXResourcesBuildPhase section */
		57994A7E2911BE19008D4267 /* Resources */ = {
			isa = PBXResourcesBuildPhase;
			buildActionMask = 2147483647;
			files = (
				57CF2F41293F5FAB009C2C8E /* PostAndImageTableViewCell.xib in Resources */,
				5767EF3629180E53000CD65C /* FriendPhotosCollectionViewCell.xib in Resources */,
				57994A902911BE1B008D4267 /* LaunchScreen.storyboard in Resources */,
				57994A9A2911C0D8008D4267 /* Colors.xcassets in Resources */,
				577BAB23291B10DE00BD741B /* HeaderView.xib in Resources */,
				57994A8D2911BE1B008D4267 /* Assets.xcassets in Resources */,
				57B8D20629167B00007DF516 /* FriendsSearchTableViewCell.xib in Resources */,
				578D8A98293E48C000CA7C0B /* FooterTableViewCell.xib in Resources */,
				57D1C6D02916DCCB006731B1 /* BirthdayTableViewCell.xib in Resources */,
				57994A8B2911BE19008D4267 /* Main.storyboard in Resources */,
				578D8A94293E3F7500CA7C0B /* HeaderTableViewCell.xib in Resources */,
				577BAB2D291B558D00BD741B /* ImageTableViewCell.xib in Resources */,
				57B8D20F2916CEDA007DF516 /* FriendsRequestTableViewCell.xib in Resources */,
				577BAB0C291842A200BD741B /* GroupTableViewCell.xib in Resources */,
				57B8D20B2916C685007DF516 /* FriendsInfoTableViewCell.xib in Resources */,
				57D1C6D82916EB47006731B1 /* FriendsTableViewCell.xib in Resources */,
				57CF2F3D293F5E36009C2C8E /* PostTableViewCell.xib in Resources */,
			);
			runOnlyForDeploymentPostprocessing = 0;
		};
/* End PBXResourcesBuildPhase section */

/* Begin PBXShellScriptBuildPhase section */
		57994A972911BEA1008D4267 /* Run Swiftlint */ = {
			isa = PBXShellScriptBuildPhase;
			alwaysOutOfDate = 1;
			buildActionMask = 2147483647;
			files = (
			);
			inputFileListPaths = (
			);
			inputPaths = (
			);
			name = "Run Swiftlint";
			outputFileListPaths = (
			);
			outputPaths = (
			);
			runOnlyForDeploymentPostprocessing = 0;
			shellPath = /bin/sh;
			shellScript = "export PATH=\"$PATH:~/.mint/bin\"\nswiftlint\n\n\n";
		};
		57994A982911BECD008D4267 /* Run SwitfFormat */ = {
			isa = PBXShellScriptBuildPhase;
			alwaysOutOfDate = 1;
			buildActionMask = 2147483647;
			files = (
			);
			inputFileListPaths = (
			);
			inputPaths = (
			);
			name = "Run SwitfFormat";
			outputFileListPaths = (
			);
			outputPaths = (
			);
			runOnlyForDeploymentPostprocessing = 0;
			shellPath = /bin/sh;
			shellScript = "export PATH=\"$PATH:~/.mint/bin\"\nswiftformat .\n";
		};
		AC637792E3ABA1096AC3E77E /* [CP] Embed Pods Frameworks */ = {
			isa = PBXShellScriptBuildPhase;
			buildActionMask = 2147483647;
			files = (
			);
			inputFileListPaths = (
				"${PODS_ROOT}/Target Support Files/Pods-VK/Pods-VK-frameworks-${CONFIGURATION}-input-files.xcfilelist",
			);
			name = "[CP] Embed Pods Frameworks";
			outputFileListPaths = (
				"${PODS_ROOT}/Target Support Files/Pods-VK/Pods-VK-frameworks-${CONFIGURATION}-output-files.xcfilelist",
			);
			runOnlyForDeploymentPostprocessing = 0;
			shellPath = /bin/sh;
			shellScript = "\"${PODS_ROOT}/Target Support Files/Pods-VK/Pods-VK-frameworks.sh\"\n";
			showEnvVarsInLog = 0;
		};
		C48D7419E0AAFD3DF9E9E90D /* [CP] Check Pods Manifest.lock */ = {
			isa = PBXShellScriptBuildPhase;
			buildActionMask = 2147483647;
			files = (
			);
			inputFileListPaths = (
			);
			inputPaths = (
				"${PODS_PODFILE_DIR_PATH}/Podfile.lock",
				"${PODS_ROOT}/Manifest.lock",
			);
			name = "[CP] Check Pods Manifest.lock";
			outputFileListPaths = (
			);
			outputPaths = (
				"$(DERIVED_FILE_DIR)/Pods-VK-checkManifestLockResult.txt",
			);
			runOnlyForDeploymentPostprocessing = 0;
			shellPath = /bin/sh;
			shellScript = "diff \"${PODS_PODFILE_DIR_PATH}/Podfile.lock\" \"${PODS_ROOT}/Manifest.lock\" > /dev/null\nif [ $? != 0 ] ; then\n    # print error to STDERR\n    echo \"error: The sandbox is not in sync with the Podfile.lock. Run 'pod install' or update your CocoaPods installation.\" >&2\n    exit 1\nfi\n# This output is used by Xcode 'outputs' to avoid re-running this script phase.\necho \"SUCCESS\" > \"${SCRIPT_OUTPUT_FILE_0}\"\n";
			showEnvVarsInLog = 0;
		};
/* End PBXShellScriptBuildPhase section */

/* Begin PBXSourcesBuildPhase section */
		57994A7C2911BE19008D4267 /* Sources */ = {
			isa = PBXSourcesBuildPhase;
			buildActionMask = 2147483647;
			files = (
				57CF2F45293FBD82009C2C8E /* ItemNewsResponse.swift in Sources */,
				577A373A292FC01900EF4ADB /* Response.swift in Sources */,
				571EB0D9291DC2E700295BED /* CustomInteractiveTransition.swift in Sources */,
				577BAB11291882C000BD741B /* GradientView.swift in Sources */,
				57CF2F54294499AE009C2C8E /* GetDataOperation.swift in Sources */,
				57CF2F562944A12A009C2C8E /* ParseGroupDataOperation.swift in Sources */,
				57CF2F492940D5DE009C2C8E /* Attachment.swift in Sources */,
				577BAB082918416000BD741B /* RecommendationGroupTableViewController.swift in Sources */,
				571EB0CC291BFF6D00295BED /* Loading.swift in Sources */,
				57517156293066B100AD441B /* PhotoPath.swift in Sources */,
				578D89F12937F76400CA7C0B /* DataProvider.swift in Sources */,
				571EB0D5291DA91500295BED /* CustomPushAnimator.swift in Sources */,
				57CF2F5F2944C563009C2C8E /* PromiseService.swift in Sources */,
				57CF2F4D2940D663009C2C8E /* Size.swift in Sources */,
				571EB0CE291C283E00295BED /* VKTabBarController.swift in Sources */,
				577A3728292D164B00EF4ADB /* AuthorizationViewController.swift in Sources */,
				57CF2F4F29446E1F009C2C8E /* LoadDataGroupService.swift in Sources */,
				57CF2F43293F830D009C2C8E /* NewsPost.swift in Sources */,
				577BAB2C291B558D00BD741B /* ImageTableViewCell.swift in Sources */,
				577BAB182918893E00BD741B /* LikeControl.swift in Sources */,
				5751715C293070C600AD441B /* Group.swift in Sources */,
				577BAB0B291842A200BD741B /* GroupTableViewCell.swift in Sources */,
				579F24A22911F46F00678837 /* ViewController+Extension.swift in Sources */,
				571EB0D2291DA82400295BED /* CustomNavigationController.swift in Sources */,
				57B8D20E2916CEDA007DF516 /* FriendsRequestTableViewCell.swift in Sources */,
				57CF2F3C293F5E36009C2C8E /* PostTableViewCell.swift in Sources */,
				579C7BA729454C5A007F81D2 /* PromiseProvider.swift in Sources */,
				578D8A93293E3F7500CA7C0B /* HeaderTableViewCell.swift in Sources */,
				577BAB1E291B103A00BD741B /* HeaderView.swift in Sources */,
				57D1C6DC29170ED0006731B1 /* ProfileCollectionViewController.swift in Sources */,
				577A373C292FC52400EF4ADB /* ItemsResponse.swift in Sources */,
				57D1C6D72916EB47006731B1 /* FriendsTableViewCell.swift in Sources */,
				578D8A97293E48C000CA7C0B /* FooterTableViewCell.swift in Sources */,
				57994A842911BE19008D4267 /* AppDelegate.swift in Sources */,
				577A372B292D1DC000EF4ADB /* Session.swift in Sources */,
				57994A862911BE19008D4267 /* SceneDelegate.swift in Sources */,
				57CF2F40293F5FAB009C2C8E /* PostAndImageTableViewCell.swift in Sources */,
				577A3734292E835400EF4ADB /* LoadDataService.swift in Sources */,
				5773845829305183001B9FD5 /* UIImageView+Extension.swift in Sources */,
				575171542930600000AD441B /* Photo.swift in Sources */,
				577A372E292D1F5700EF4ADB /* NetworkService.swift in Sources */,
				57CF2F5D2944AF60009C2C8E /* SaveToRealmGroupOperation.swift in Sources */,
				577BAB0F2918460000BD741B /* Groups.swift in Sources */,
				578D89EE2937800B00CA7C0B /* RealmService.swift in Sources */,
				578D8A8E293E3B2700CA7C0B /* NewsType.swift in Sources */,
				57CF2F52294497FC009C2C8E /* AsyncOperation.swift in Sources */,
				57B8D20529167B00007DF516 /* FriendsSearchTableViewCell.swift in Sources */,
				57D1C6DA2916EFEC006731B1 /* NewsFriends.swift in Sources */,
				571EB0D0291D941300295BED /* ProfileViewController.swift in Sources */,
				577BAB27291B544A00BD741B /* NewsTableViewController.swift in Sources */,
				57D1C6D22916E672006731B1 /* Birthday.swift in Sources */,
				577BAB30291B5A1800BD741B /* News.swift in Sources */,
				5767EF3529180E53000CD65C /* FriendPhotosCollectionViewCell.swift in Sources */,
				571EB0D7291DA97A00295BED /* CustomPopAnimator.swift in Sources */,
				577BAB1B2918998A00BD741B /* AvatarView.swift in Sources */,
				577A3738292FBEFE00EF4ADB /* Friend.swift in Sources */,
				577BAB0529183F8400BD741B /* GroupTableViewController.swift in Sources */,
				57CF2F4B2940D61E009C2C8E /* NewsPhoto.swift in Sources */,
				57CF2F472940D558009C2C8E /* AttachmentKind.swift in Sources */,
				57CF2F39293E5FD1009C2C8E /* NewsConfigurable.swift in Sources */,
				57B8D20A2916C685007DF516 /* FriendsInfoTableViewCell.swift in Sources */,
				577A373E293035C000EF4ADB /* NetworkError.swift in Sources */,
				57B8D1FD291679CC007DF516 /* FriendsTableViewController.swift in Sources */,
				57D1C6CF2916DCCB006731B1 /* BirthdayTableViewCell.swift in Sources */,
			);
			runOnlyForDeploymentPostprocessing = 0;
		};
/* End PBXSourcesBuildPhase section */

/* Begin PBXVariantGroup section */
		57994A892911BE19008D4267 /* Main.storyboard */ = {
			isa = PBXVariantGroup;
			children = (
				57994A8A2911BE19008D4267 /* Base */,
			);
			name = Main.storyboard;
			sourceTree = "<group>";
		};
		57994A8E2911BE1B008D4267 /* LaunchScreen.storyboard */ = {
			isa = PBXVariantGroup;
			children = (
				57994A8F2911BE1B008D4267 /* Base */,
			);
			name = LaunchScreen.storyboard;
			sourceTree = "<group>";
		};
/* End PBXVariantGroup section */

/* Begin XCBuildConfiguration section */
		57994A922911BE1B008D4267 /* Debug */ = {
			isa = XCBuildConfiguration;
			buildSettings = {
				ALWAYS_SEARCH_USER_PATHS = NO;
				CLANG_ANALYZER_NONNULL = YES;
				CLANG_ANALYZER_NUMBER_OBJECT_CONVERSION = YES_AGGRESSIVE;
				CLANG_CXX_LANGUAGE_STANDARD = "gnu++20";
				CLANG_ENABLE_MODULES = YES;
				CLANG_ENABLE_OBJC_ARC = YES;
				CLANG_ENABLE_OBJC_WEAK = YES;
				CLANG_WARN_BLOCK_CAPTURE_AUTORELEASING = YES;
				CLANG_WARN_BOOL_CONVERSION = YES;
				CLANG_WARN_COMMA = YES;
				CLANG_WARN_CONSTANT_CONVERSION = YES;
				CLANG_WARN_DEPRECATED_OBJC_IMPLEMENTATIONS = YES;
				CLANG_WARN_DIRECT_OBJC_ISA_USAGE = YES_ERROR;
				CLANG_WARN_DOCUMENTATION_COMMENTS = YES;
				CLANG_WARN_EMPTY_BODY = YES;
				CLANG_WARN_ENUM_CONVERSION = YES;
				CLANG_WARN_INFINITE_RECURSION = YES;
				CLANG_WARN_INT_CONVERSION = YES;
				CLANG_WARN_NON_LITERAL_NULL_CONVERSION = YES;
				CLANG_WARN_OBJC_IMPLICIT_RETAIN_SELF = YES;
				CLANG_WARN_OBJC_LITERAL_CONVERSION = YES;
				CLANG_WARN_OBJC_ROOT_CLASS = YES_ERROR;
				CLANG_WARN_QUOTED_INCLUDE_IN_FRAMEWORK_HEADER = YES;
				CLANG_WARN_RANGE_LOOP_ANALYSIS = YES;
				CLANG_WARN_STRICT_PROTOTYPES = YES;
				CLANG_WARN_SUSPICIOUS_MOVE = YES;
				CLANG_WARN_UNGUARDED_AVAILABILITY = YES_AGGRESSIVE;
				CLANG_WARN_UNREACHABLE_CODE = YES;
				CLANG_WARN__DUPLICATE_METHOD_MATCH = YES;
				COPY_PHASE_STRIP = NO;
				DEBUG_INFORMATION_FORMAT = dwarf;
				ENABLE_STRICT_OBJC_MSGSEND = YES;
				ENABLE_TESTABILITY = YES;
				GCC_C_LANGUAGE_STANDARD = gnu11;
				GCC_DYNAMIC_NO_PIC = NO;
				GCC_NO_COMMON_BLOCKS = YES;
				GCC_OPTIMIZATION_LEVEL = 0;
				GCC_PREPROCESSOR_DEFINITIONS = (
					"DEBUG=1",
					"$(inherited)",
				);
				GCC_WARN_64_TO_32_BIT_CONVERSION = YES;
				GCC_WARN_ABOUT_RETURN_TYPE = YES_ERROR;
				GCC_WARN_UNDECLARED_SELECTOR = YES;
				GCC_WARN_UNINITIALIZED_AUTOS = YES_AGGRESSIVE;
				GCC_WARN_UNUSED_FUNCTION = YES;
				GCC_WARN_UNUSED_VARIABLE = YES;
				IPHONEOS_DEPLOYMENT_TARGET = 16.0;
				MTL_ENABLE_DEBUG_INFO = INCLUDE_SOURCE;
				MTL_FAST_MATH = YES;
				ONLY_ACTIVE_ARCH = YES;
				SDKROOT = iphoneos;
				SWIFT_ACTIVE_COMPILATION_CONDITIONS = DEBUG;
				SWIFT_OPTIMIZATION_LEVEL = "-Onone";
			};
			name = Debug;
		};
		57994A932911BE1B008D4267 /* Release */ = {
			isa = XCBuildConfiguration;
			buildSettings = {
				ALWAYS_SEARCH_USER_PATHS = NO;
				CLANG_ANALYZER_NONNULL = YES;
				CLANG_ANALYZER_NUMBER_OBJECT_CONVERSION = YES_AGGRESSIVE;
				CLANG_CXX_LANGUAGE_STANDARD = "gnu++20";
				CLANG_ENABLE_MODULES = YES;
				CLANG_ENABLE_OBJC_ARC = YES;
				CLANG_ENABLE_OBJC_WEAK = YES;
				CLANG_WARN_BLOCK_CAPTURE_AUTORELEASING = YES;
				CLANG_WARN_BOOL_CONVERSION = YES;
				CLANG_WARN_COMMA = YES;
				CLANG_WARN_CONSTANT_CONVERSION = YES;
				CLANG_WARN_DEPRECATED_OBJC_IMPLEMENTATIONS = YES;
				CLANG_WARN_DIRECT_OBJC_ISA_USAGE = YES_ERROR;
				CLANG_WARN_DOCUMENTATION_COMMENTS = YES;
				CLANG_WARN_EMPTY_BODY = YES;
				CLANG_WARN_ENUM_CONVERSION = YES;
				CLANG_WARN_INFINITE_RECURSION = YES;
				CLANG_WARN_INT_CONVERSION = YES;
				CLANG_WARN_NON_LITERAL_NULL_CONVERSION = YES;
				CLANG_WARN_OBJC_IMPLICIT_RETAIN_SELF = YES;
				CLANG_WARN_OBJC_LITERAL_CONVERSION = YES;
				CLANG_WARN_OBJC_ROOT_CLASS = YES_ERROR;
				CLANG_WARN_QUOTED_INCLUDE_IN_FRAMEWORK_HEADER = YES;
				CLANG_WARN_RANGE_LOOP_ANALYSIS = YES;
				CLANG_WARN_STRICT_PROTOTYPES = YES;
				CLANG_WARN_SUSPICIOUS_MOVE = YES;
				CLANG_WARN_UNGUARDED_AVAILABILITY = YES_AGGRESSIVE;
				CLANG_WARN_UNREACHABLE_CODE = YES;
				CLANG_WARN__DUPLICATE_METHOD_MATCH = YES;
				COPY_PHASE_STRIP = NO;
				DEBUG_INFORMATION_FORMAT = "dwarf-with-dsym";
				ENABLE_NS_ASSERTIONS = NO;
				ENABLE_STRICT_OBJC_MSGSEND = YES;
				GCC_C_LANGUAGE_STANDARD = gnu11;
				GCC_NO_COMMON_BLOCKS = YES;
				GCC_WARN_64_TO_32_BIT_CONVERSION = YES;
				GCC_WARN_ABOUT_RETURN_TYPE = YES_ERROR;
				GCC_WARN_UNDECLARED_SELECTOR = YES;
				GCC_WARN_UNINITIALIZED_AUTOS = YES_AGGRESSIVE;
				GCC_WARN_UNUSED_FUNCTION = YES;
				GCC_WARN_UNUSED_VARIABLE = YES;
				IPHONEOS_DEPLOYMENT_TARGET = 16.0;
				MTL_ENABLE_DEBUG_INFO = NO;
				MTL_FAST_MATH = YES;
				SDKROOT = iphoneos;
				SWIFT_COMPILATION_MODE = wholemodule;
				SWIFT_OPTIMIZATION_LEVEL = "-O";
				VALIDATE_PRODUCT = YES;
			};
			name = Release;
		};
		57994A952911BE1B008D4267 /* Debug */ = {
			isa = XCBuildConfiguration;
			baseConfigurationReference = DCFD7387B87346FED4324F13 /* Pods-VK.debug.xcconfig */;
			buildSettings = {
				ASSETCATALOG_COMPILER_APPICON_NAME = AppIcon;
				ASSETCATALOG_COMPILER_GLOBAL_ACCENT_COLOR_NAME = AccentColor;
				CODE_SIGN_STYLE = Automatic;
				CURRENT_PROJECT_VERSION = 1;
				DEVELOPMENT_TEAM = 8GW3WFYASG;
				GENERATE_INFOPLIST_FILE = YES;
				INFOPLIST_FILE = VK/Application/Info.plist;
				INFOPLIST_KEY_UIApplicationSupportsIndirectInputEvents = YES;
				INFOPLIST_KEY_UILaunchStoryboardName = LaunchScreen;
				INFOPLIST_KEY_UIMainStoryboardFile = Main;
				INFOPLIST_KEY_UISupportedInterfaceOrientations_iPad = "UIInterfaceOrientationPortrait UIInterfaceOrientationPortraitUpsideDown UIInterfaceOrientationLandscapeLeft UIInterfaceOrientationLandscapeRight";
				INFOPLIST_KEY_UISupportedInterfaceOrientations_iPhone = "UIInterfaceOrientationPortrait UIInterfaceOrientationLandscapeLeft UIInterfaceOrientationLandscapeRight";
				IPHONEOS_DEPLOYMENT_TARGET = 15.5;
				LD_RUNPATH_SEARCH_PATHS = (
					"$(inherited)",
					"@executable_path/Frameworks",
				);
				MARKETING_VERSION = 1.0;
				PRODUCT_BUNDLE_IDENTIFIER = AP.VK;
				PRODUCT_NAME = "$(TARGET_NAME)";
				SWIFT_EMIT_LOC_STRINGS = YES;
				SWIFT_VERSION = 5.0;
				TARGETED_DEVICE_FAMILY = "1,2";
			};
			name = Debug;
		};
		57994A962911BE1B008D4267 /* Release */ = {
			isa = XCBuildConfiguration;
			baseConfigurationReference = 266A4B097E36288896037B36 /* Pods-VK.release.xcconfig */;
			buildSettings = {
				ASSETCATALOG_COMPILER_APPICON_NAME = AppIcon;
				ASSETCATALOG_COMPILER_GLOBAL_ACCENT_COLOR_NAME = AccentColor;
				CODE_SIGN_STYLE = Automatic;
				CURRENT_PROJECT_VERSION = 1;
				DEVELOPMENT_TEAM = 8GW3WFYASG;
				GENERATE_INFOPLIST_FILE = YES;
				INFOPLIST_FILE = VK/Application/Info.plist;
				INFOPLIST_KEY_UIApplicationSupportsIndirectInputEvents = YES;
				INFOPLIST_KEY_UILaunchStoryboardName = LaunchScreen;
				INFOPLIST_KEY_UIMainStoryboardFile = Main;
				INFOPLIST_KEY_UISupportedInterfaceOrientations_iPad = "UIInterfaceOrientationPortrait UIInterfaceOrientationPortraitUpsideDown UIInterfaceOrientationLandscapeLeft UIInterfaceOrientationLandscapeRight";
				INFOPLIST_KEY_UISupportedInterfaceOrientations_iPhone = "UIInterfaceOrientationPortrait UIInterfaceOrientationLandscapeLeft UIInterfaceOrientationLandscapeRight";
				IPHONEOS_DEPLOYMENT_TARGET = 15.5;
				LD_RUNPATH_SEARCH_PATHS = (
					"$(inherited)",
					"@executable_path/Frameworks",
				);
				MARKETING_VERSION = 1.0;
				PRODUCT_BUNDLE_IDENTIFIER = AP.VK;
				PRODUCT_NAME = "$(TARGET_NAME)";
				SWIFT_EMIT_LOC_STRINGS = YES;
				SWIFT_VERSION = 5.0;
				TARGETED_DEVICE_FAMILY = "1,2";
			};
			name = Release;
		};
/* End XCBuildConfiguration section */

/* Begin XCConfigurationList section */
		57994A7B2911BE19008D4267 /* Build configuration list for PBXProject "VK" */ = {
			isa = XCConfigurationList;
			buildConfigurations = (
				57994A922911BE1B008D4267 /* Debug */,
				57994A932911BE1B008D4267 /* Release */,
			);
			defaultConfigurationIsVisible = 0;
			defaultConfigurationName = Release;
		};
		57994A942911BE1B008D4267 /* Build configuration list for PBXNativeTarget "VK" */ = {
			isa = XCConfigurationList;
			buildConfigurations = (
				57994A952911BE1B008D4267 /* Debug */,
				57994A962911BE1B008D4267 /* Release */,
			);
			defaultConfigurationIsVisible = 0;
			defaultConfigurationName = Release;
		};
/* End XCConfigurationList section */
	};
	rootObject = 57994A782911BE19008D4267 /* Project object */;
}
